// !$*UTF8*$!
{
	archiveVersion = 1;
	classes = {
	};
	objectVersion = 50;
	objects = {

/* Begin PBXBuildFile section */
		3F01923828268BBD00F12697 /* AppDelegate.swift in Sources */ = {isa = PBXBuildFile; fileRef = 3F01923728268BBD00F12697 /* AppDelegate.swift */; };
		3F01923A28268BBD00F12697 /* SceneDelegate.swift in Sources */ = {isa = PBXBuildFile; fileRef = 3F01923928268BBD00F12697 /* SceneDelegate.swift */; };
		3F01923C28268BBD00F12697 /* ViewController.swift in Sources */ = {isa = PBXBuildFile; fileRef = 3F01923B28268BBD00F12697 /* ViewController.swift */; };
		3F01923F28268BBD00F12697 /* Main.storyboard in Resources */ = {isa = PBXBuildFile; fileRef = 3F01923D28268BBD00F12697 /* Main.storyboard */; };
		3F01924128268BBE00F12697 /* Assets.xcassets in Resources */ = {isa = PBXBuildFile; fileRef = 3F01924028268BBE00F12697 /* Assets.xcassets */; };
		3F01924428268BBE00F12697 /* LaunchScreen.storyboard in Resources */ = {isa = PBXBuildFile; fileRef = 3F01924228268BBE00F12697 /* LaunchScreen.storyboard */; };
		3F01924C28268FAA00F12697 /* Musica.swift in Sources */ = {isa = PBXBuildFile; fileRef = 3F01924B28268FAA00F12697 /* Musica.swift */; };
		3F01924E2826923D00F12697 /* MusicaTableViewCell.swift in Sources */ = {isa = PBXBuildFile; fileRef = 3F01924D2826923D00F12697 /* MusicaTableViewCell.swift */; };
		3F0192502826943A00F12697 /* MusicaTableViewController.swift in Sources */ = {isa = PBXBuildFile; fileRef = 3F01924F2826943A00F12697 /* MusicaTableViewController.swift */; };
		3F0192542826A7B500F12697 /* MusicaSelecionadaViewController.swift in Sources */ = {isa = PBXBuildFile; fileRef = 3F0192532826A7B500F12697 /* MusicaSelecionadaViewController.swift */; };
		3FE8CE3A282989C800E6EE3D /* DestaqueDaSemanaViewController.swift in Sources */ = {isa = PBXBuildFile; fileRef = 3FE8CE39282989C800E6EE3D /* DestaqueDaSemanaViewController.swift */; };
		3FE8CE3C2829940700E6EE3D /* DestaqueVerMaisViewController.swift in Sources */ = {isa = PBXBuildFile; fileRef = 3FE8CE3B2829940700E6EE3D /* DestaqueVerMaisViewController.swift */; };
/* End PBXBuildFile section */

/* Begin PBXFileReference section */
		3F01923428268BBD00F12697 /* AppDeMusicaUnicesumarTarde.app */ = {isa = PBXFileReference; explicitFileType = wrapper.application; includeInIndex = 0; path = AppDeMusicaUnicesumarTarde.app; sourceTree = BUILT_PRODUCTS_DIR; };
		3F01923728268BBD00F12697 /* AppDelegate.swift */ = {isa = PBXFileReference; lastKnownFileType = sourcecode.swift; path = AppDelegate.swift; sourceTree = "<group>"; };
		3F01923928268BBD00F12697 /* SceneDelegate.swift */ = {isa = PBXFileReference; lastKnownFileType = sourcecode.swift; path = SceneDelegate.swift; sourceTree = "<group>"; };
		3F01923B28268BBD00F12697 /* ViewController.swift */ = {isa = PBXFileReference; lastKnownFileType = sourcecode.swift; path = ViewController.swift; sourceTree = "<group>"; };
		3F01923E28268BBD00F12697 /* Base */ = {isa = PBXFileReference; lastKnownFileType = file.storyboard; name = Base; path = Base.lproj/Main.storyboard; sourceTree = "<group>"; };
		3F01924028268BBE00F12697 /* Assets.xcassets */ = {isa = PBXFileReference; lastKnownFileType = folder.assetcatalog; path = Assets.xcassets; sourceTree = "<group>"; };
		3F01924328268BBE00F12697 /* Base */ = {isa = PBXFileReference; lastKnownFileType = file.storyboard; name = Base; path = Base.lproj/LaunchScreen.storyboard; sourceTree = "<group>"; };
		3F01924528268BBE00F12697 /* Info.plist */ = {isa = PBXFileReference; lastKnownFileType = text.plist.xml; path = Info.plist; sourceTree = "<group>"; };
		3F01924B28268FAA00F12697 /* Musica.swift */ = {isa = PBXFileReference; lastKnownFileType = sourcecode.swift; path = Musica.swift; sourceTree = "<group>"; };
		3F01924D2826923D00F12697 /* MusicaTableViewCell.swift */ = {isa = PBXFileReference; lastKnownFileType = sourcecode.swift; path = MusicaTableViewCell.swift; sourceTree = "<group>"; };
		3F01924F2826943A00F12697 /* MusicaTableViewController.swift */ = {isa = PBXFileReference; lastKnownFileType = sourcecode.swift; path = MusicaTableViewController.swift; sourceTree = "<group>"; };
		3F0192532826A7B500F12697 /* MusicaSelecionadaViewController.swift */ = {isa = PBXFileReference; lastKnownFileType = sourcecode.swift; path = MusicaSelecionadaViewController.swift; sourceTree = "<group>"; };
		3FE8CE39282989C800E6EE3D /* DestaqueDaSemanaViewController.swift */ = {isa = PBXFileReference; lastKnownFileType = sourcecode.swift; path = DestaqueDaSemanaViewController.swift; sourceTree = "<group>"; };
		3FE8CE3B2829940700E6EE3D /* DestaqueVerMaisViewController.swift */ = {isa = PBXFileReference; lastKnownFileType = sourcecode.swift; path = DestaqueVerMaisViewController.swift; sourceTree = "<group>"; };
/* End PBXFileReference section */

/* Begin PBXFrameworksBuildPhase section */
		3F01923128268BBD00F12697 /* Frameworks */ = {
			isa = PBXFrameworksBuildPhase;
			buildActionMask = 2147483647;
			files = (
			);
			runOnlyForDeploymentPostprocessing = 0;
		};
/* End PBXFrameworksBuildPhase section */

/* Begin PBXGroup section */
		3F01922B28268BBD00F12697 = {
			isa = PBXGroup;
			children = (
				3F01923628268BBD00F12697 /* AppDeMusicaUnicesumarTarde */,
				3F01923528268BBD00F12697 /* Products */,
			);
			sourceTree = "<group>";
		};
		3F01923528268BBD00F12697 /* Products */ = {
			isa = PBXGroup;
			children = (
				3F01923428268BBD00F12697 /* AppDeMusicaUnicesumarTarde.app */,
			);
			name = Products;
			sourceTree = "<group>";
		};
		3F01923628268BBD00F12697 /* AppDeMusicaUnicesumarTarde */ = {
			isa = PBXGroup;
			children = (
				3F01923728268BBD00F12697 /* AppDelegate.swift */,
				3F01923928268BBD00F12697 /* SceneDelegate.swift */,
				3F01923B28268BBD00F12697 /* ViewController.swift */,
				3F01923D28268BBD00F12697 /* Main.storyboard */,
				3F01924028268BBE00F12697 /* Assets.xcassets */,
				3F01924228268BBE00F12697 /* LaunchScreen.storyboard */,
				3F01924528268BBE00F12697 /* Info.plist */,
				3F01924B28268FAA00F12697 /* Musica.swift */,
				3F01924D2826923D00F12697 /* MusicaTableViewCell.swift */,
				3F01924F2826943A00F12697 /* MusicaTableViewController.swift */,
				3F0192532826A7B500F12697 /* MusicaSelecionadaViewController.swift */,
				3FE8CE39282989C800E6EE3D /* DestaqueDaSemanaViewController.swift */,
				3FE8CE3B2829940700E6EE3D /* DestaqueVerMaisViewController.swift */,
			);
			path = AppDeMusicaUnicesumarTarde;
			sourceTree = "<group>";
		};
/* End PBXGroup section */

/* Begin PBXNativeTarget section */
		3F01923328268BBD00F12697 /* AppDeMusicaUnicesumarTarde */ = {
			isa = PBXNativeTarget;
			buildConfigurationList = 3F01924828268BBE00F12697 /* Build configuration list for PBXNativeTarget "AppDeMusicaUnicesumarTarde" */;
			buildPhases = (
				3F01923028268BBD00F12697 /* Sources */,
				3F01923128268BBD00F12697 /* Frameworks */,
				3F01923228268BBD00F12697 /* Resources */,
			);
			buildRules = (
			);
			dependencies = (
			);
			name = AppDeMusicaUnicesumarTarde;
			productName = AppDeMusicaUnicesumarTarde;
			productReference = 3F01923428268BBD00F12697 /* AppDeMusicaUnicesumarTarde.app */;
			productType = "com.apple.product-type.application";
		};
/* End PBXNativeTarget section */

/* Begin PBXProject section */
		3F01922C28268BBD00F12697 /* Project object */ = {
			isa = PBXProject;
			attributes = {
				LastSwiftUpdateCheck = 1120;
				LastUpgradeCheck = 1120;
				ORGANIZATIONNAME = Student;
				TargetAttributes = {
					3F01923328268BBD00F12697 = {
						CreatedOnToolsVersion = 11.2.1;
					};
				};
			};
			buildConfigurationList = 3F01922F28268BBD00F12697 /* Build configuration list for PBXProject "AppDeMusicaUnicesumarTarde" */;
			compatibilityVersion = "Xcode 9.3";
			developmentRegion = en;
			hasScannedForEncodings = 0;
			knownRegions = (
				en,
				Base,
			);
			mainGroup = 3F01922B28268BBD00F12697;
			productRefGroup = 3F01923528268BBD00F12697 /* Products */;
			projectDirPath = "";
			projectRoot = "";
			targets = (
				3F01923328268BBD00F12697 /* AppDeMusicaUnicesumarTarde */,
			);
		};
/* End PBXProject section */

/* Begin PBXResourcesBuildPhase section */
		3F01923228268BBD00F12697 /* Resources */ = {
			isa = PBXResourcesBuildPhase;
			buildActionMask = 2147483647;
			files = (
				3F01924428268BBE00F12697 /* LaunchScreen.storyboard in Resources */,
				3F01924128268BBE00F12697 /* Assets.xcassets in Resources */,
				3F01923F28268BBD00F12697 /* Main.storyboard in Resources */,
			);
			runOnlyForDeploymentPostprocessing = 0;
		};
/* End PBXResourcesBuildPhase section */

/* Begin PBXSourcesBuildPhase section */
		3F01923028268BBD00F12697 /* Sources */ = {
			isa = PBXSourcesBuildPhase;
			buildActionMask = 2147483647;
			files = (
				3F0192542826A7B500F12697 /* MusicaSelecionadaViewController.swift in Sources */,
				3F01923C28268BBD00F12697 /* ViewController.swift in Sources */,
				3FE8CE3C2829940700E6EE3D /* DestaqueVerMaisViewController.swift in Sources */,
				3F0192502826943A00F12697 /* MusicaTableViewController.swift in Sources */,
				3F01924C28268FAA00F12697 /* Musica.swift in Sources */,
				3FE8CE3A282989C800E6EE3D /* DestaqueDaSemanaViewController.swift in Sources */,
				3F01923828268BBD00F12697 /* AppDelegate.swift in Sources */,
				3F01924E2826923D00F12697 /* MusicaTableViewCell.swift in Sources */,
				3F01923A28268BBD00F12697 /* SceneDelegate.swift in Sources */,
			);
			runOnlyForDeploymentPostprocessing = 0;
		};
/* End PBXSourcesBuildPhase section */

/* Begin PBXVariantGroup section */
		3F01923D28268BBD00F12697 /* Main.storyboard */ = {
			isa = PBXVariantGroup;
			children = (
				3F01923E28268BBD00F12697 /* Base */,
			);
			name = Main.storyboard;
			sourceTree = "<group>";
		};
		3F01924228268BBE00F12697 /* LaunchScreen.storyboard */ = {
			isa = PBXVariantGroup;
			children = (
				3F01924328268BBE00F12697 /* Base */,
			);
			name = LaunchScreen.storyboard;
			sourceTree = "<group>";
		};
/* End PBXVariantGroup section */

/* Begin XCBuildConfiguration section */
		3F01924628268BBE00F12697 /* Debug */ = {
			isa = XCBuildConfiguration;
			buildSettings = {
				ALWAYS_SEARCH_USER_PATHS = NO;
				CLANG_ANALYZER_NONNULL = YES;
				CLANG_ANALYZER_NUMBER_OBJECT_CONVERSION = YES_AGGRESSIVE;
				CLANG_CXX_LANGUAGE_STANDARD = "gnu++14";
				CLANG_CXX_LIBRARY = "libc++";
				CLANG_ENABLE_MODULES = YES;
				CLANG_ENABLE_OBJC_ARC = YES;
				CLANG_ENABLE_OBJC_WEAK = YES;
				CLANG_WARN_BLOCK_CAPTURE_AUTORELEASING = YES;
				CLANG_WARN_BOOL_CONVERSION = YES;
				CLANG_WARN_COMMA = YES;
				CLANG_WARN_CONSTANT_CONVERSION = YES;
				CLANG_WARN_DEPRECATED_OBJC_IMPLEMENTATIONS = YES;
				CLANG_WARN_DIRECT_OBJC_ISA_USAGE = YES_ERROR;
				CLANG_WARN_DOCUMENTATION_COMMENTS = YES;
				CLANG_WARN_EMPTY_BODY = YES;
				CLANG_WARN_ENUM_CONVERSION = YES;
				CLANG_WARN_INFINITE_RECURSION = YES;
				CLANG_WARN_INT_CONVERSION = YES;
				CLANG_WARN_NON_LITERAL_NULL_CONVERSION = YES;
				CLANG_WARN_OBJC_IMPLICIT_RETAIN_SELF = YES;
				CLANG_WARN_OBJC_LITERAL_CONVERSION = YES;
				CLANG_WARN_OBJC_ROOT_CLASS = YES_ERROR;
				CLANG_WARN_RANGE_LOOP_ANALYSIS = YES;
				CLANG_WARN_STRICT_PROTOTYPES = YES;
				CLANG_WARN_SUSPICIOUS_MOVE = YES;
				CLANG_WARN_UNGUARDED_AVAILABILITY = YES_AGGRESSIVE;
				CLANG_WARN_UNREACHABLE_CODE = YES;
				CLANG_WARN__DUPLICATE_METHOD_MATCH = YES;
				COPY_PHASE_STRIP = NO;
				DEBUG_INFORMATION_FORMAT = dwarf;
				ENABLE_STRICT_OBJC_MSGSEND = YES;
				ENABLE_TESTABILITY = YES;
				GCC_C_LANGUAGE_STANDARD = gnu11;
				GCC_DYNAMIC_NO_PIC = NO;
				GCC_NO_COMMON_BLOCKS = YES;
				GCC_OPTIMIZATION_LEVEL = 0;
				GCC_PREPROCESSOR_DEFINITIONS = (
					"DEBUG=1",
					"$(inherited)",
				);
				GCC_WARN_64_TO_32_BIT_CONVERSION = YES;
				GCC_WARN_ABOUT_RETURN_TYPE = YES_ERROR;
				GCC_WARN_UNDECLARED_SELECTOR = YES;
				GCC_WARN_UNINITIALIZED_AUTOS = YES_AGGRESSIVE;
				GCC_WARN_UNUSED_FUNCTION = YES;
				GCC_WARN_UNUSED_VARIABLE = YES;
				IPHONEOS_DEPLOYMENT_TARGET = 13.2;
				MTL_ENABLE_DEBUG_INFO = INCLUDE_SOURCE;
				MTL_FAST_MATH = YES;
				ONLY_ACTIVE_ARCH = YES;
				SDKROOT = iphoneos;
				SWIFT_ACTIVE_COMPILATION_CONDITIONS = DEBUG;
				SWIFT_OPTIMIZATION_LEVEL = "-Onone";
			};
			name = Debug;
		};
		3F01924728268BBE00F12697 /* Release */ = {
			isa = XCBuildConfiguration;
			buildSettings = {
				ALWAYS_SEARCH_USER_PATHS = NO;
				CLANG_ANALYZER_NONNULL = YES;
				CLANG_ANALYZER_NUMBER_OBJECT_CONVERSION = YES_AGGRESSIVE;
				CLANG_CXX_LANGUAGE_STANDARD = "gnu++14";
				CLANG_CXX_LIBRARY = "libc++";
				CLANG_ENABLE_MODULES = YES;
				CLANG_ENABLE_OBJC_ARC = YES;
				CLANG_ENABLE_OBJC_WEAK = YES;
				CLANG_WARN_BLOCK_CAPTURE_AUTORELEASING = YES;
				CLANG_WARN_BOOL_CONVERSION = YES;
				CLANG_WARN_COMMA = YES;
				CLANG_WARN_CONSTANT_CONVERSION = YES;
				CLANG_WARN_DEPRECATED_OBJC_IMPLEMENTATIONS = YES;
				CLANG_WARN_DIRECT_OBJC_ISA_USAGE = YES_ERROR;
				CLANG_WARN_DOCUMENTATION_COMMENTS = YES;
				CLANG_WARN_EMPTY_BODY = YES;
				CLANG_WARN_ENUM_CONVERSION = YES;
				CLANG_WARN_INFINITE_RECURSION = YES;
				CLANG_WARN_INT_CONVERSION = YES;
				CLANG_WARN_NON_LITERAL_NULL_CONVERSION = YES;
				CLANG_WARN_OBJC_IMPLICIT_RETAIN_SELF = YES;
				CLANG_WARN_OBJC_LITERAL_CONVERSION = YES;
				CLANG_WARN_OBJC_ROOT_CLASS = YES_ERROR;
				CLANG_WARN_RANGE_LOOP_ANALYSIS = YES;
				CLANG_WARN_STRICT_PROTOTYPES = YES;
				CLANG_WARN_SUSPICIOUS_MOVE = YES;
				CLANG_WARN_UNGUARDED_AVAILABILITY = YES_AGGRESSIVE;
				CLANG_WARN_UNREACHABLE_CODE = YES;
				CLANG_WARN__DUPLICATE_METHOD_MATCH = YES;
				COPY_PHASE_STRIP = NO;
				DEBUG_INFORMATION_FORMAT = "dwarf-with-dsym";
				ENABLE_NS_ASSERTIONS = NO;
				ENABLE_STRICT_OBJC_MSGSEND = YES;
				GCC_C_LANGUAGE_STANDARD = gnu11;
				GCC_NO_COMMON_BLOCKS = YES;
				GCC_WARN_64_TO_32_BIT_CONVERSION = YES;
				GCC_WARN_ABOUT_RETURN_TYPE = YES_ERROR;
				GCC_WARN_UNDECLARED_SELECTOR = YES;
				GCC_WARN_UNINITIALIZED_AUTOS = YES_AGGRESSIVE;
				GCC_WARN_UNUSED_FUNCTION = YES;
				GCC_WARN_UNUSED_VARIABLE = YES;
				IPHONEOS_DEPLOYMENT_TARGET = 13.2;
				MTL_ENABLE_DEBUG_INFO = NO;
				MTL_FAST_MATH = YES;
				SDKROOT = iphoneos;
				SWIFT_COMPILATION_MODE = wholemodule;
				SWIFT_OPTIMIZATION_LEVEL = "-O";
				VALIDATE_PRODUCT = YES;
			};
			name = Release;
		};
		3F01924928268BBE00F12697 /* Debug */ = {
			isa = XCBuildConfiguration;
			buildSettings = {
				ASSETCATALOG_COMPILER_APPICON_NAME = AppIcon;
				CODE_SIGN_STYLE = Automatic;
				INFOPLIST_FILE = AppDeMusicaUnicesumarTarde/Info.plist;
				LD_RUNPATH_SEARCH_PATHS = (
					"$(inherited)",
					"@executable_path/Frameworks",
				);
				PRODUCT_BUNDLE_IDENTIFIER = teste.AppDeMusicaUnicesumarTarde;
				PRODUCT_NAME = "$(TARGET_NAME)";
				SWIFT_VERSION = 5.0;
				TARGETED_DEVICE_FAMILY = "1,2";
			};
			name = Debug;
		};
		3F01924A28268BBE00F12697 /* Release */ = {
			isa = XCBuildConfiguration;
			buildSettings = {
				ASSETCATALOG_COMPILER_APPICON_NAME = AppIcon;
				CODE_SIGN_STYLE = Automatic;
				INFOPLIST_FILE = AppDeMusicaUnicesumarTarde/Info.plist;
				LD_RUNPATH_SEARCH_PATHS = (
					"$(inherited)",
					"@executable_path/Frameworks",
				);
				PRODUCT_BUNDLE_IDENTIFIER = teste.AppDeMusicaUnicesumarTarde;
				PRODUCT_NAME = "$(TARGET_NAME)";
				SWIFT_VERSION = 5.0;
				TARGETED_DEVICE_FAMILY = "1,2";
			};
			name = Release;
		};
/* End XCBuildConfiguration section */

/* Begin XCConfigurationList section */
		3F01922F28268BBD00F12697 /* Build configuration list for PBXProject "AppDeMusicaUnicesumarTarde" */ = {
			isa = XCConfigurationList;
			buildConfigurations = (
				3F01924628268BBE00F12697 /* Debug */,
				3F01924728268BBE00F12697 /* Release */,
			);
			defaultConfigurationIsVisible = 0;
			defaultConfigurationName = Release;
		};
		3F01924828268BBE00F12697 /* Build configuration list for PBXNativeTarget "AppDeMusicaUnicesumarTarde" */ = {
			isa = XCConfigurationList;
			buildConfigurations = (
				3F01924928268BBE00F12697 /* Debug */,
				3F01924A28268BBE00F12697 /* Release */,
			);
			defaultConfigurationIsVisible = 0;
			defaultConfigurationName = Release;
		};
/* End XCConfigurationList section */
	};
	rootObject = 3F01922C28268BBD00F12697 /* Project object */;
}
